// !$*UTF8*$!
{
	archiveVersion = 1;
	classes = {
	};
	objectVersion = 46;
	objects = {

/* Begin PBXBuildFile section */
		946B4D771E8A6BCB0085EE04 /* AppDelegate.swift in Sources */ = {isa = PBXBuildFile; fileRef = 946B4D761E8A6BCB0085EE04 /* AppDelegate.swift */; };
		946B4D7C1E8A6BCB0085EE04 /* Main.storyboard in Resources */ = {isa = PBXBuildFile; fileRef = 946B4D7A1E8A6BCB0085EE04 /* Main.storyboard */; };
		946B4D7E1E8A6BCB0085EE04 /* Assets.xcassets in Resources */ = {isa = PBXBuildFile; fileRef = 946B4D7D1E8A6BCB0085EE04 /* Assets.xcassets */; };
		946B4D811E8A6BCB0085EE04 /* LaunchScreen.storyboard in Resources */ = {isa = PBXBuildFile; fileRef = 946B4D7F1E8A6BCB0085EE04 /* LaunchScreen.storyboard */; };
		947672491E8C1AD0004FD8E0 /* Xendit.framework in Frameworks */ = {isa = PBXBuildFile; fileRef = 947672481E8C1AD0004FD8E0 /* Xendit.framework */; };
		9476724A1E8C1AD0004FD8E0 /* Xendit.framework in Embed Frameworks */ = {isa = PBXBuildFile; fileRef = 947672481E8C1AD0004FD8E0 /* Xendit.framework */; settings = {ATTRIBUTES = (CodeSignOnCopy, RemoveHeadersOnCopy, ); }; };
		94DED2151E8D2DAC0092BEB7 /* CreateTokenViewController.swift in Sources */ = {isa = PBXBuildFile; fileRef = 94DED2141E8D2DAC0092BEB7 /* CreateTokenViewController.swift */; };
		94DED2171E8D3CE90092BEB7 /* CreateAuthentification.swift in Sources */ = {isa = PBXBuildFile; fileRef = 94DED2161E8D3CE90092BEB7 /* CreateAuthentification.swift */; };
		94DED2191E8D45ED0092BEB7 /* ValidateCardViewController.swift in Sources */ = {isa = PBXBuildFile; fileRef = 94DED2181E8D45ED0092BEB7 /* ValidateCardViewController.swift */; };
		94DED21B1E8D4BC70092BEB7 /* ViewController.swift in Sources */ = {isa = PBXBuildFile; fileRef = 94DED21A1E8D4BC70092BEB7 /* ViewController.swift */; };
/* End PBXBuildFile section */

/* Begin PBXCopyFilesBuildPhase section */
		9476724B1E8C1AD1004FD8E0 /* Embed Frameworks */ = {
			isa = PBXCopyFilesBuildPhase;
			buildActionMask = 2147483647;
			dstPath = "";
			dstSubfolderSpec = 10;
			files = (
				9476724A1E8C1AD0004FD8E0 /* Xendit.framework in Embed Frameworks */,
			);
			name = "Embed Frameworks";
			runOnlyForDeploymentPostprocessing = 0;
		};
/* End PBXCopyFilesBuildPhase section */

/* Begin PBXFileReference section */
		946B4D731E8A6BCA0085EE04 /* XenditExample.app */ = {isa = PBXFileReference; explicitFileType = wrapper.application; includeInIndex = 0; path = XenditExample.app; sourceTree = BUILT_PRODUCTS_DIR; };
		946B4D761E8A6BCB0085EE04 /* AppDelegate.swift */ = {isa = PBXFileReference; lastKnownFileType = sourcecode.swift; path = AppDelegate.swift; sourceTree = "<group>"; };
		946B4D7B1E8A6BCB0085EE04 /* Base */ = {isa = PBXFileReference; lastKnownFileType = file.storyboard; name = Base; path = Base.lproj/Main.storyboard; sourceTree = "<group>"; };
		946B4D7D1E8A6BCB0085EE04 /* Assets.xcassets */ = {isa = PBXFileReference; lastKnownFileType = folder.assetcatalog; path = Assets.xcassets; sourceTree = "<group>"; };
		946B4D801E8A6BCB0085EE04 /* Base */ = {isa = PBXFileReference; lastKnownFileType = file.storyboard; name = Base; path = Base.lproj/LaunchScreen.storyboard; sourceTree = "<group>"; };
		946B4D821E8A6BCB0085EE04 /* Info.plist */ = {isa = PBXFileReference; lastKnownFileType = text.plist.xml; path = Info.plist; sourceTree = "<group>"; };
		947672481E8C1AD0004FD8E0 /* Xendit.framework */ = {isa = PBXFileReference; explicitFileType = wrapper.framework; path = Xendit.framework; sourceTree = BUILT_PRODUCTS_DIR; };
		94DED2141E8D2DAC0092BEB7 /* CreateTokenViewController.swift */ = {isa = PBXFileReference; fileEncoding = 4; lastKnownFileType = sourcecode.swift; path = CreateTokenViewController.swift; sourceTree = "<group>"; };
		94DED2161E8D3CE90092BEB7 /* CreateAuthentification.swift */ = {isa = PBXFileReference; fileEncoding = 4; lastKnownFileType = sourcecode.swift; path = CreateAuthentification.swift; sourceTree = "<group>"; };
		94DED2181E8D45ED0092BEB7 /* ValidateCardViewController.swift */ = {isa = PBXFileReference; fileEncoding = 4; lastKnownFileType = sourcecode.swift; path = ValidateCardViewController.swift; sourceTree = "<group>"; };
		94DED21A1E8D4BC70092BEB7 /* ViewController.swift */ = {isa = PBXFileReference; fileEncoding = 4; lastKnownFileType = sourcecode.swift; path = ViewController.swift; sourceTree = "<group>"; };
/* End PBXFileReference section */

/* Begin PBXFrameworksBuildPhase section */
		946B4D701E8A6BCA0085EE04 /* Frameworks */ = {
			isa = PBXFrameworksBuildPhase;
			buildActionMask = 2147483647;
			files = (
				947672491E8C1AD0004FD8E0 /* Xendit.framework in Frameworks */,
			);
			runOnlyForDeploymentPostprocessing = 0;
		};
/* End PBXFrameworksBuildPhase section */

/* Begin PBXGroup section */
		946B4D6A1E8A6BCA0085EE04 = {
			isa = PBXGroup;
			children = (
				947672481E8C1AD0004FD8E0 /* Xendit.framework */,
				946B4D751E8A6BCA0085EE04 /* XenditExample */,
				946B4D741E8A6BCA0085EE04 /* Products */,
			);
			sourceTree = "<group>";
		};
		946B4D741E8A6BCA0085EE04 /* Products */ = {
			isa = PBXGroup;
			children = (
				946B4D731E8A6BCA0085EE04 /* XenditExample.app */,
			);
			name = Products;
			sourceTree = "<group>";
		};
		946B4D751E8A6BCA0085EE04 /* XenditExample */ = {
			isa = PBXGroup;
			children = (
				946B4D761E8A6BCB0085EE04 /* AppDelegate.swift */,
				94DED2131E8D2D8B0092BEB7 /* Controllers */,
				946B4D7A1E8A6BCB0085EE04 /* Main.storyboard */,
				946B4D7D1E8A6BCB0085EE04 /* Assets.xcassets */,
				946B4D7F1E8A6BCB0085EE04 /* LaunchScreen.storyboard */,
				946B4D821E8A6BCB0085EE04 /* Info.plist */,
			);
			path = XenditExample;
			sourceTree = "<group>";
		};
		94DED2131E8D2D8B0092BEB7 /* Controllers */ = {
			isa = PBXGroup;
			children = (
				94DED21A1E8D4BC70092BEB7 /* ViewController.swift */,
				94DED2141E8D2DAC0092BEB7 /* CreateTokenViewController.swift */,
				94DED2161E8D3CE90092BEB7 /* CreateAuthentification.swift */,
				94DED2181E8D45ED0092BEB7 /* ValidateCardViewController.swift */,
			);
			path = Controllers;
			sourceTree = "<group>";
		};
/* End PBXGroup section */

/* Begin PBXNativeTarget section */
		946B4D721E8A6BCA0085EE04 /* XenditExample */ = {
			isa = PBXNativeTarget;
			buildConfigurationList = 946B4D851E8A6BCB0085EE04 /* Build configuration list for PBXNativeTarget "XenditExample" */;
			buildPhases = (
				946B4D6F1E8A6BCA0085EE04 /* Sources */,
				946B4D701E8A6BCA0085EE04 /* Frameworks */,
				946B4D711E8A6BCA0085EE04 /* Resources */,
				9476724B1E8C1AD1004FD8E0 /* Embed Frameworks */,
			);
			buildRules = (
			);
			dependencies = (
			);
			name = XenditExample;
			productName = XenditExample;
			productReference = 946B4D731E8A6BCA0085EE04 /* XenditExample.app */;
			productType = "com.apple.product-type.application";
		};
/* End PBXNativeTarget section */

/* Begin PBXProject section */
		946B4D6B1E8A6BCA0085EE04 /* Project object */ = {
			isa = PBXProject;
			attributes = {
				LastSwiftUpdateCheck = 0820;
				LastUpgradeCheck = 0820;
				ORGANIZATIONNAME = Xendit;
				TargetAttributes = {
					946B4D721E8A6BCA0085EE04 = {
						CreatedOnToolsVersion = 8.2.1;
						DevelopmentTeam = YTAZRVVYUC;
						ProvisioningStyle = Automatic;
					};
				};
			};
			buildConfigurationList = 946B4D6E1E8A6BCA0085EE04 /* Build configuration list for PBXProject "XenditExample" */;
			compatibilityVersion = "Xcode 3.2";
			developmentRegion = English;
			hasScannedForEncodings = 0;
			knownRegions = (
				en,
				Base,
			);
			mainGroup = 946B4D6A1E8A6BCA0085EE04;
			productRefGroup = 946B4D741E8A6BCA0085EE04 /* Products */;
			projectDirPath = "";
			projectRoot = "";
			targets = (
				946B4D721E8A6BCA0085EE04 /* XenditExample */,
			);
		};
/* End PBXProject section */

/* Begin PBXResourcesBuildPhase section */
		946B4D711E8A6BCA0085EE04 /* Resources */ = {
			isa = PBXResourcesBuildPhase;
			buildActionMask = 2147483647;
			files = (
				946B4D811E8A6BCB0085EE04 /* LaunchScreen.storyboard in Resources */,
				946B4D7E1E8A6BCB0085EE04 /* Assets.xcassets in Resources */,
				946B4D7C1E8A6BCB0085EE04 /* Main.storyboard in Resources */,
			);
			runOnlyForDeploymentPostprocessing = 0;
		};
/* End PBXResourcesBuildPhase section */

/* Begin PBXSourcesBuildPhase section */
		946B4D6F1E8A6BCA0085EE04 /* Sources */ = {
			isa = PBXSourcesBuildPhase;
			buildActionMask = 2147483647;
			files = (
				94DED21B1E8D4BC70092BEB7 /* ViewController.swift in Sources */,
				94DED2151E8D2DAC0092BEB7 /* CreateTokenViewController.swift in Sources */,
				94DED2171E8D3CE90092BEB7 /* CreateAuthentification.swift in Sources */,
				946B4D771E8A6BCB0085EE04 /* AppDelegate.swift in Sources */,
				94DED2191E8D45ED0092BEB7 /* ValidateCardViewController.swift in Sources */,
			);
			runOnlyForDeploymentPostprocessing = 0;
		};
/* End PBXSourcesBuildPhase section */

/* Begin PBXVariantGroup section */
		946B4D7A1E8A6BCB0085EE04 /* Main.storyboard */ = {
			isa = PBXVariantGroup;
			children = (
				946B4D7B1E8A6BCB0085EE04 /* Base */,
			);
			name = Main.storyboard;
			sourceTree = "<group>";
		};
		946B4D7F1E8A6BCB0085EE04 /* LaunchScreen.storyboard */ = {
			isa = PBXVariantGroup;
			children = (
				946B4D801E8A6BCB0085EE04 /* Base */,
			);
			name = LaunchScreen.storyboard;
			sourceTree = "<group>";
		};
/* End PBXVariantGroup section */

/* Begin XCBuildConfiguration section */
		946B4D831E8A6BCB0085EE04 /* Debug */ = {
			isa = XCBuildConfiguration;
			buildSettings = {
				ALWAYS_SEARCH_USER_PATHS = NO;
				CLANG_ANALYZER_NONNULL = YES;
				CLANG_CXX_LANGUAGE_STANDARD = "gnu++0x";
				CLANG_CXX_LIBRARY = "libc++";
				CLANG_ENABLE_MODULES = YES;
				CLANG_ENABLE_OBJC_ARC = YES;
				CLANG_WARN_BOOL_CONVERSION = YES;
				CLANG_WARN_CONSTANT_CONVERSION = YES;
				CLANG_WARN_DIRECT_OBJC_ISA_USAGE = YES_ERROR;
				CLANG_WARN_DOCUMENTATION_COMMENTS = YES;
				CLANG_WARN_EMPTY_BODY = YES;
				CLANG_WARN_ENUM_CONVERSION = YES;
				CLANG_WARN_INFINITE_RECURSION = YES;
				CLANG_WARN_INT_CONVERSION = YES;
				CLANG_WARN_OBJC_ROOT_CLASS = YES_ERROR;
				CLANG_WARN_SUSPICIOUS_MOVE = YES;
				CLANG_WARN_UNREACHABLE_CODE = YES;
				CLANG_WARN__DUPLICATE_METHOD_MATCH = YES;
				"CODE_SIGN_IDENTITY[sdk=iphoneos*]" = "iPhone Developer";
				COPY_PHASE_STRIP = NO;
				DEBUG_INFORMATION_FORMAT = dwarf;
				ENABLE_STRICT_OBJC_MSGSEND = YES;
				ENABLE_TESTABILITY = YES;
				GCC_C_LANGUAGE_STANDARD = gnu99;
				GCC_DYNAMIC_NO_PIC = NO;
				GCC_NO_COMMON_BLOCKS = YES;
				GCC_OPTIMIZATION_LEVEL = 0;
				GCC_PREPROCESSOR_DEFINITIONS = (
					"DEBUG=1",
					"$(inherited)",
				);
				GCC_WARN_64_TO_32_BIT_CONVERSION = YES;
				GCC_WARN_ABOUT_RETURN_TYPE = YES_ERROR;
				GCC_WARN_UNDECLARED_SELECTOR = YES;
				GCC_WARN_UNINITIALIZED_AUTOS = YES_AGGRESSIVE;
				GCC_WARN_UNUSED_FUNCTION = YES;
				GCC_WARN_UNUSED_VARIABLE = YES;
				IPHONEOS_DEPLOYMENT_TARGET = 10.2;
				MTL_ENABLE_DEBUG_INFO = YES;
				ONLY_ACTIVE_ARCH = YES;
				SDKROOT = iphoneos;
				SWIFT_ACTIVE_COMPILATION_CONDITIONS = DEBUG;
				SWIFT_OPTIMIZATION_LEVEL = "-Onone";
			};
			name = Debug;
		};
		946B4D841E8A6BCB0085EE04 /* Release */ = {
			isa = XCBuildConfiguration;
			buildSettings = {
				ALWAYS_SEARCH_USER_PATHS = NO;
				CLANG_ANALYZER_NONNULL = YES;
				CLANG_CXX_LANGUAGE_STANDARD = "gnu++0x";
				CLANG_CXX_LIBRARY = "libc++";
				CLANG_ENABLE_MODULES = YES;
				CLANG_ENABLE_OBJC_ARC = YES;
				CLANG_WARN_BOOL_CONVERSION = YES;
				CLANG_WARN_CONSTANT_CONVERSION = YES;
				CLANG_WARN_DIRECT_OBJC_ISA_USAGE = YES_ERROR;
				CLANG_WARN_DOCUMENTATION_COMMENTS = YES;
				CLANG_WARN_EMPTY_BODY = YES;
				CLANG_WARN_ENUM_CONVERSION = YES;
				CLANG_WARN_INFINITE_RECURSION = YES;
				CLANG_WARN_INT_CONVERSION = YES;
				CLANG_WARN_OBJC_ROOT_CLASS = YES_ERROR;
				CLANG_WARN_SUSPICIOUS_MOVE = YES;
				CLANG_WARN_UNREACHABLE_CODE = YES;
				CLANG_WARN__DUPLICATE_METHOD_MATCH = YES;
				"CODE_SIGN_IDENTITY[sdk=iphoneos*]" = "iPhone Developer";
				COPY_PHASE_STRIP = NO;
				DEBUG_INFORMATION_FORMAT = "dwarf-with-dsym";
				ENABLE_NS_ASSERTIONS = NO;
				ENABLE_STRICT_OBJC_MSGSEND = YES;
				GCC_C_LANGUAGE_STANDARD = gnu99;
				GCC_NO_COMMON_BLOCKS = YES;
				GCC_WARN_64_TO_32_BIT_CONVERSION = YES;
				GCC_WARN_ABOUT_RETURN_TYPE = YES_ERROR;
				GCC_WARN_UNDECLARED_SELECTOR = YES;
				GCC_WARN_UNINITIALIZED_AUTOS = YES_AGGRESSIVE;
				GCC_WARN_UNUSED_FUNCTION = YES;
				GCC_WARN_UNUSED_VARIABLE = YES;
				IPHONEOS_DEPLOYMENT_TARGET = 10.2;
				MTL_ENABLE_DEBUG_INFO = NO;
				SDKROOT = iphoneos;
				SWIFT_OPTIMIZATION_LEVEL = "-Owholemodule";
				VALIDATE_PRODUCT = YES;
			};
			name = Release;
		};
		946B4D861E8A6BCB0085EE04 /* Debug */ = {
			isa = XCBuildConfiguration;
			buildSettings = {
				ASSETCATALOG_COMPILER_APPICON_NAME = AppIcon;
				DEVELOPMENT_TEAM = YTAZRVVYUC;
				INFOPLIST_FILE = XenditExample/Info.plist;
				IPHONEOS_DEPLOYMENT_TARGET = 8.0;
				LD_RUNPATH_SEARCH_PATHS = "$(inherited) @executable_path/Frameworks";
				PRODUCT_BUNDLE_IDENTIFIER = co.xendit.XenditExample;
				PRODUCT_NAME = "$(TARGET_NAME)";
				SWIFT_VERSION = 3.0;
			};
			name = Debug;
		};
		946B4D871E8A6BCB0085EE04 /* Release */ = {
			isa = XCBuildConfiguration;
			buildSettings = {
				ASSETCATALOG_COMPILER_APPICON_NAME = AppIcon;
				DEVELOPMENT_TEAM = YTAZRVVYUC;
				INFOPLIST_FILE = XenditExample/Info.plist;
				IPHONEOS_DEPLOYMENT_TARGET = 8.0;
				LD_RUNPATH_SEARCH_PATHS = "$(inherited) @executable_path/Frameworks";
				PRODUCT_BUNDLE_IDENTIFIER = co.xendit.XenditExample;
				PRODUCT_NAME = "$(TARGET_NAME)";
				SWIFT_VERSION = 3.0;
			};
			name = Release;
		};
/* End XCBuildConfiguration section */

/* Begin XCConfigurationList section */
		946B4D6E1E8A6BCA0085EE04 /* Build configuration list for PBXProject "XenditExample" */ = {
			isa = XCConfigurationList;
			buildConfigurations = (
				946B4D831E8A6BCB0085EE04 /* Debug */,
				946B4D841E8A6BCB0085EE04 /* Release */,
			);
			defaultConfigurationIsVisible = 0;
			defaultConfigurationName = Release;
		};
		946B4D851E8A6BCB0085EE04 /* Build configuration list for PBXNativeTarget "XenditExample" */ = {
			isa = XCConfigurationList;
			buildConfigurations = (
				946B4D861E8A6BCB0085EE04 /* Debug */,
				946B4D871E8A6BCB0085EE04 /* Release */,
			);
			defaultConfigurationIsVisible = 0;
			defaultConfigurationName = Release;
		};
/* End XCConfigurationList section */
	};
	rootObject = 946B4D6B1E8A6BCA0085EE04 /* Project object */;
}
