// !$*UTF8*$!
{
	archiveVersion = 1;
	classes = {
	};
	objectVersion = 54;
	objects = {

/* Begin PBXAggregateTarget section */
		"xendit-sdk-ios-src::XenditPackageTests::ProductTarget" /* XenditPackageTests */ = {
			isa = PBXAggregateTarget;
			buildConfigurationList = OBJ_790 /* Build configuration list for PBXAggregateTarget "XenditPackageTests" */;
			buildPhases = (
			);
			dependencies = (
				OBJ_793 /* PBXTargetDependency */,
			);
			name = XenditPackageTests;
			productName = XenditPackageTests;
		};
/* End PBXAggregateTarget section */

/* Begin PBXBuildFile section */
		648184A52BF7556800DC5FBF /* Sentry in Frameworks */ = {isa = PBXBuildFile; productRef = 648184A42BF7556800DC5FBF /* Sentry */; };
		648184A82BF7558D00DC5FBF /* OHHTTPStubs in Frameworks */ = {isa = PBXBuildFile; productRef = 648184A72BF7558D00DC5FBF /* OHHTTPStubs */; };
		648184AA2BF7558D00DC5FBF /* OHHTTPStubsSwift in Frameworks */ = {isa = PBXBuildFile; productRef = 648184A92BF7558D00DC5FBF /* OHHTTPStubsSwift */; };
		OBJ_736 /* Extensions.swift in Sources */ = {isa = PBXBuildFile; fileRef = OBJ_10 /* Extensions.swift */; };
		OBJ_737 /* Log.swift in Sources */ = {isa = PBXBuildFile; fileRef = OBJ_12 /* Log.swift */; };
		OBJ_738 /* LogSanitizer.swift in Sources */ = {isa = PBXBuildFile; fileRef = OBJ_13 /* LogSanitizer.swift */; };
		OBJ_739 /* Authenticatable.swift in Sources */ = {isa = PBXBuildFile; fileRef = OBJ_15 /* Authenticatable.swift */; };
		OBJ_740 /* AuthenticationData.swift in Sources */ = {isa = PBXBuildFile; fileRef = OBJ_16 /* AuthenticationData.swift */; };
		OBJ_741 /* CardData.swift in Sources */ = {isa = PBXBuildFile; fileRef = OBJ_17 /* CardData.swift */; };
		OBJ_742 /* Jsonable.swift in Sources */ = {isa = PBXBuildFile; fileRef = OBJ_19 /* Jsonable.swift */; };
		OBJ_743 /* XenditAddress.swift in Sources */ = {isa = PBXBuildFile; fileRef = OBJ_20 /* XenditAddress.swift */; };
		OBJ_744 /* XenditAuthenticationRequest.swift in Sources */ = {isa = PBXBuildFile; fileRef = OBJ_21 /* XenditAuthenticationRequest.swift */; };
		OBJ_745 /* XenditBillingDetails.swift in Sources */ = {isa = PBXBuildFile; fileRef = OBJ_22 /* XenditBillingDetails.swift */; };
		OBJ_746 /* XenditCardData.swift in Sources */ = {isa = PBXBuildFile; fileRef = OBJ_23 /* XenditCardData.swift */; };
		OBJ_747 /* XenditCustomer.swift in Sources */ = {isa = PBXBuildFile; fileRef = OBJ_24 /* XenditCustomer.swift */; };
		OBJ_748 /* XenditJWT.swift in Sources */ = {isa = PBXBuildFile; fileRef = OBJ_25 /* XenditJWT.swift */; };
		OBJ_749 /* XenditJWTRequest.swift in Sources */ = {isa = PBXBuildFile; fileRef = OBJ_26 /* XenditJWTRequest.swift */; };
		OBJ_750 /* XenditRetokenizationRequest.swift in Sources */ = {isa = PBXBuildFile; fileRef = OBJ_27 /* XenditRetokenizationRequest.swift */; };
		OBJ_751 /* XenditStoreCVNRequest.swift in Sources */ = {isa = PBXBuildFile; fileRef = OBJ_28 /* XenditStoreCVNRequest.swift */; };
		OBJ_752 /* XenditTokenizationRequest.swift in Sources */ = {isa = PBXBuildFile; fileRef = OBJ_29 /* XenditTokenizationRequest.swift */; };
		OBJ_753 /* Xendit3DSRecommendation.swift in Sources */ = {isa = PBXBuildFile; fileRef = OBJ_30 /* Xendit3DSRecommendation.swift */; };
		OBJ_754 /* XenditAuthenticatedToken.swift in Sources */ = {isa = PBXBuildFile; fileRef = OBJ_31 /* XenditAuthenticatedToken.swift */; };
		OBJ_755 /* XenditAuthentication.swift in Sources */ = {isa = PBXBuildFile; fileRef = OBJ_32 /* XenditAuthentication.swift */; };
		OBJ_756 /* XenditCCToken.swift in Sources */ = {isa = PBXBuildFile; fileRef = OBJ_33 /* XenditCCToken.swift */; };
		OBJ_757 /* XenditCardMetadata.swift in Sources */ = {isa = PBXBuildFile; fileRef = OBJ_34 /* XenditCardMetadata.swift */; };
		OBJ_758 /* XenditTokenCredentials.swift in Sources */ = {isa = PBXBuildFile; fileRef = OBJ_35 /* XenditTokenCredentials.swift */; };
		OBJ_759 /* CreditCard.swift in Sources */ = {isa = PBXBuildFile; fileRef = OBJ_37 /* CreditCard.swift */; };
		OBJ_760 /* Fingerprint.swift in Sources */ = {isa = PBXBuildFile; fileRef = OBJ_38 /* Fingerprint.swift */; };
		OBJ_761 /* AuthenticationWebviewController.swift in Sources */ = {isa = PBXBuildFile; fileRef = OBJ_40 /* AuthenticationWebviewController.swift */; };
		OBJ_762 /* WebViewController.swift in Sources */ = {isa = PBXBuildFile; fileRef = OBJ_41 /* WebViewController.swift */; };
		OBJ_763 /* XDTApiClient.swift in Sources */ = {isa = PBXBuildFile; fileRef = OBJ_42 /* XDTApiClient.swift */; };
		OBJ_764 /* XDTCards.swift in Sources */ = {isa = PBXBuildFile; fileRef = OBJ_43 /* XDTCards.swift */; };
		OBJ_765 /* XDTSentry.swift in Sources */ = {isa = PBXBuildFile; fileRef = OBJ_44 /* XDTSentry.swift */; };
		OBJ_766 /* Xendit.swift in Sources */ = {isa = PBXBuildFile; fileRef = OBJ_45 /* Xendit.swift */; };
		OBJ_767 /* XenditError.swift in Sources */ = {isa = PBXBuildFile; fileRef = OBJ_46 /* XenditError.swift */; };
		OBJ_771 /* XenditObjC.framework in Frameworks */ = {isa = PBXBuildFile; fileRef = "xendit-sdk-ios-src::XenditObjC::Product" /* XenditObjC.framework */; };
		OBJ_780 /* ISHLogDNAService.m in Sources */ = {isa = PBXBuildFile; fileRef = OBJ_50 /* ISHLogDNAService.m */; };
		OBJ_781 /* IDFAHelper.m in Sources */ = {isa = PBXBuildFile; fileRef = OBJ_52 /* IDFAHelper.m */; };
		OBJ_788 /* Package.swift in Sources */ = {isa = PBXBuildFile; fileRef = OBJ_6 /* Package.swift */; };
		OBJ_799 /* CardDataTest.swift in Sources */ = {isa = PBXBuildFile; fileRef = OBJ_61 /* CardDataTest.swift */; };
		OBJ_800 /* CreditCardTests.swift in Sources */ = {isa = PBXBuildFile; fileRef = OBJ_62 /* CreditCardTests.swift */; };
		OBJ_801 /* FingerprintTests.swift in Sources */ = {isa = PBXBuildFile; fileRef = OBJ_63 /* FingerprintTests.swift */; };
		OBJ_802 /* AuthenticationProviderStub.swift in Sources */ = {isa = PBXBuildFile; fileRef = OBJ_65 /* AuthenticationProviderStub.swift */; };
		OBJ_803 /* CardAuthenticationProviderStub.swift in Sources */ = {isa = PBXBuildFile; fileRef = OBJ_66 /* CardAuthenticationProviderStub.swift */; };
		OBJ_804 /* HTTPStub.swift in Sources */ = {isa = PBXBuildFile; fileRef = OBJ_67 /* HTTPStub.swift */; };
		OBJ_805 /* TestCards.swift in Sources */ = {isa = PBXBuildFile; fileRef = OBJ_68 /* TestCards.swift */; };
		OBJ_806 /* JsonEncodeTest.swift in Sources */ = {isa = PBXBuildFile; fileRef = OBJ_69 /* JsonEncodeTest.swift */; };
		OBJ_807 /* LogSanitizerTests.swift in Sources */ = {isa = PBXBuildFile; fileRef = OBJ_70 /* LogSanitizerTests.swift */; };
		OBJ_808 /* XenditIntegrationTests.swift in Sources */ = {isa = PBXBuildFile; fileRef = OBJ_71 /* XenditIntegrationTests.swift */; };
		OBJ_809 /* XenditTests.swift in Sources */ = {isa = PBXBuildFile; fileRef = OBJ_72 /* XenditTests.swift */; };
		OBJ_813 /* Xendit.framework in Frameworks */ = {isa = PBXBuildFile; fileRef = "xendit-sdk-ios-src::Xendit::Product" /* Xendit.framework */; };
		OBJ_816 /* XenditObjC.framework in Frameworks */ = {isa = PBXBuildFile; fileRef = "xendit-sdk-ios-src::XenditObjC::Product" /* XenditObjC.framework */; };
/* End PBXBuildFile section */

/* Begin PBXContainerItemProxy section */
		A126D9992A529191009F715C /* PBXContainerItemProxy */ = {
			isa = PBXContainerItemProxy;
			containerPortal = OBJ_1 /* Project object */;
			proxyType = 1;
			remoteGlobalIDString = "xendit-sdk-ios-src::XenditObjC";
			remoteInfo = XenditObjC;
		};
		A126D99D2A529191009F715C /* PBXContainerItemProxy */ = {
			isa = PBXContainerItemProxy;
			containerPortal = OBJ_1 /* Project object */;
			proxyType = 1;
			remoteGlobalIDString = "xendit-sdk-ios-src::Xendit";
			remoteInfo = Xendit;
		};
		A126D9A02A529191009F715C /* PBXContainerItemProxy */ = {
			isa = PBXContainerItemProxy;
			containerPortal = OBJ_1 /* Project object */;
			proxyType = 1;
			remoteGlobalIDString = "xendit-sdk-ios-src::XenditObjC";
			remoteInfo = XenditObjC;
		};
		A126D9A12A529191009F715C /* PBXContainerItemProxy */ = {
			isa = PBXContainerItemProxy;
			containerPortal = OBJ_1 /* Project object */;
			proxyType = 1;
			remoteGlobalIDString = "xendit-sdk-ios-src::XenditTests";
			remoteInfo = XenditTests;
		};
/* End PBXContainerItemProxy section */

/* Begin PBXFileReference section */
		644E27A82BB2A82E007B0F1D /* PrivacyInfo.xcprivacy */ = {isa = PBXFileReference; lastKnownFileType = text.xml; path = PrivacyInfo.xcprivacy; sourceTree = "<group>"; };
		OBJ_10 /* Extensions.swift */ = {isa = PBXFileReference; lastKnownFileType = sourcecode.swift; path = Extensions.swift; sourceTree = "<group>"; };
		OBJ_12 /* Log.swift */ = {isa = PBXFileReference; lastKnownFileType = sourcecode.swift; path = Log.swift; sourceTree = "<group>"; };
		OBJ_13 /* LogSanitizer.swift */ = {isa = PBXFileReference; lastKnownFileType = sourcecode.swift; path = LogSanitizer.swift; sourceTree = "<group>"; };
		OBJ_15 /* Authenticatable.swift */ = {isa = PBXFileReference; lastKnownFileType = sourcecode.swift; path = Authenticatable.swift; sourceTree = "<group>"; };
		OBJ_16 /* AuthenticationData.swift */ = {isa = PBXFileReference; lastKnownFileType = sourcecode.swift; path = AuthenticationData.swift; sourceTree = "<group>"; };
		OBJ_17 /* CardData.swift */ = {isa = PBXFileReference; lastKnownFileType = sourcecode.swift; path = CardData.swift; sourceTree = "<group>"; };
		OBJ_19 /* Jsonable.swift */ = {isa = PBXFileReference; lastKnownFileType = sourcecode.swift; path = Jsonable.swift; sourceTree = "<group>"; };
		OBJ_20 /* XenditAddress.swift */ = {isa = PBXFileReference; lastKnownFileType = sourcecode.swift; path = XenditAddress.swift; sourceTree = "<group>"; };
		OBJ_21 /* XenditAuthenticationRequest.swift */ = {isa = PBXFileReference; lastKnownFileType = sourcecode.swift; path = XenditAuthenticationRequest.swift; sourceTree = "<group>"; };
		OBJ_22 /* XenditBillingDetails.swift */ = {isa = PBXFileReference; lastKnownFileType = sourcecode.swift; path = XenditBillingDetails.swift; sourceTree = "<group>"; };
		OBJ_23 /* XenditCardData.swift */ = {isa = PBXFileReference; lastKnownFileType = sourcecode.swift; path = XenditCardData.swift; sourceTree = "<group>"; };
		OBJ_24 /* XenditCustomer.swift */ = {isa = PBXFileReference; lastKnownFileType = sourcecode.swift; path = XenditCustomer.swift; sourceTree = "<group>"; };
		OBJ_25 /* XenditJWT.swift */ = {isa = PBXFileReference; lastKnownFileType = sourcecode.swift; path = XenditJWT.swift; sourceTree = "<group>"; };
		OBJ_26 /* XenditJWTRequest.swift */ = {isa = PBXFileReference; lastKnownFileType = sourcecode.swift; path = XenditJWTRequest.swift; sourceTree = "<group>"; };
		OBJ_27 /* XenditRetokenizationRequest.swift */ = {isa = PBXFileReference; lastKnownFileType = sourcecode.swift; path = XenditRetokenizationRequest.swift; sourceTree = "<group>"; };
		OBJ_28 /* XenditStoreCVNRequest.swift */ = {isa = PBXFileReference; lastKnownFileType = sourcecode.swift; path = XenditStoreCVNRequest.swift; sourceTree = "<group>"; };
		OBJ_29 /* XenditTokenizationRequest.swift */ = {isa = PBXFileReference; lastKnownFileType = sourcecode.swift; path = XenditTokenizationRequest.swift; sourceTree = "<group>"; };
		OBJ_30 /* Xendit3DSRecommendation.swift */ = {isa = PBXFileReference; lastKnownFileType = sourcecode.swift; path = Xendit3DSRecommendation.swift; sourceTree = "<group>"; };
		OBJ_31 /* XenditAuthenticatedToken.swift */ = {isa = PBXFileReference; lastKnownFileType = sourcecode.swift; path = XenditAuthenticatedToken.swift; sourceTree = "<group>"; };
		OBJ_32 /* XenditAuthentication.swift */ = {isa = PBXFileReference; lastKnownFileType = sourcecode.swift; path = XenditAuthentication.swift; sourceTree = "<group>"; };
		OBJ_33 /* XenditCCToken.swift */ = {isa = PBXFileReference; lastKnownFileType = sourcecode.swift; path = XenditCCToken.swift; sourceTree = "<group>"; };
		OBJ_34 /* XenditCardMetadata.swift */ = {isa = PBXFileReference; lastKnownFileType = sourcecode.swift; path = XenditCardMetadata.swift; sourceTree = "<group>"; };
		OBJ_35 /* XenditTokenCredentials.swift */ = {isa = PBXFileReference; lastKnownFileType = sourcecode.swift; path = XenditTokenCredentials.swift; sourceTree = "<group>"; };
		OBJ_37 /* CreditCard.swift */ = {isa = PBXFileReference; lastKnownFileType = sourcecode.swift; path = CreditCard.swift; sourceTree = "<group>"; };
		OBJ_38 /* Fingerprint.swift */ = {isa = PBXFileReference; lastKnownFileType = sourcecode.swift; path = Fingerprint.swift; sourceTree = "<group>"; };
		OBJ_40 /* AuthenticationWebviewController.swift */ = {isa = PBXFileReference; lastKnownFileType = sourcecode.swift; path = AuthenticationWebviewController.swift; sourceTree = "<group>"; };
		OBJ_401 /* LICENSE */ = {isa = PBXFileReference; lastKnownFileType = text; path = LICENSE; sourceTree = "<group>"; };
		OBJ_402 /* Xendit.podspec */ = {isa = PBXFileReference; lastKnownFileType = text; path = Xendit.podspec; sourceTree = "<group>"; };
		OBJ_404 /* README.md */ = {isa = PBXFileReference; lastKnownFileType = net.daringfireball.markdown; path = README.md; sourceTree = "<group>"; };
		OBJ_405 /* cortex.yaml */ = {isa = PBXFileReference; lastKnownFileType = text.yaml; path = cortex.yaml; sourceTree = "<group>"; };
		OBJ_41 /* WebViewController.swift */ = {isa = PBXFileReference; lastKnownFileType = sourcecode.swift; path = WebViewController.swift; sourceTree = "<group>"; };
		OBJ_42 /* XDTApiClient.swift */ = {isa = PBXFileReference; lastKnownFileType = sourcecode.swift; path = XDTApiClient.swift; sourceTree = "<group>"; };
		OBJ_43 /* XDTCards.swift */ = {isa = PBXFileReference; lastKnownFileType = sourcecode.swift; path = XDTCards.swift; sourceTree = "<group>"; };
		OBJ_44 /* XDTSentry.swift */ = {isa = PBXFileReference; lastKnownFileType = sourcecode.swift; path = XDTSentry.swift; sourceTree = "<group>"; };
		OBJ_45 /* Xendit.swift */ = {isa = PBXFileReference; lastKnownFileType = sourcecode.swift; path = Xendit.swift; sourceTree = "<group>"; };
		OBJ_46 /* XenditError.swift */ = {isa = PBXFileReference; lastKnownFileType = sourcecode.swift; path = XenditError.swift; sourceTree = "<group>"; };
		OBJ_50 /* ISHLogDNAService.m */ = {isa = PBXFileReference; lastKnownFileType = sourcecode.c.objc; path = ISHLogDNAService.m; sourceTree = "<group>"; };
		OBJ_52 /* IDFAHelper.m */ = {isa = PBXFileReference; lastKnownFileType = sourcecode.c.objc; path = IDFAHelper.m; sourceTree = "<group>"; };
		OBJ_54 /* IDFAHelper.h */ = {isa = PBXFileReference; lastKnownFileType = sourcecode.c.h; path = IDFAHelper.h; sourceTree = "<group>"; };
		OBJ_55 /* Xendit.h */ = {isa = PBXFileReference; lastKnownFileType = sourcecode.c.h; path = Xendit.h; sourceTree = "<group>"; };
		OBJ_56 /* ISHLogDNAService.h */ = {isa = PBXFileReference; lastKnownFileType = sourcecode.c.h; path = ISHLogDNAService.h; sourceTree = "<group>"; };
		OBJ_57 /* module.modulemap */ = {isa = PBXFileReference; lastKnownFileType = "sourcecode.module-map"; name = module.modulemap; path = Sources/XenditObjC/include/module.modulemap; sourceTree = "<group>"; };
		OBJ_6 /* Package.swift */ = {isa = PBXFileReference; explicitFileType = sourcecode.swift; path = Package.swift; sourceTree = "<group>"; };
		OBJ_60 /* Info.plist */ = {isa = PBXFileReference; lastKnownFileType = text.plist.xml; path = Info.plist; sourceTree = "<group>"; };
		OBJ_61 /* CardDataTest.swift */ = {isa = PBXFileReference; lastKnownFileType = sourcecode.swift; path = CardDataTest.swift; sourceTree = "<group>"; };
		OBJ_62 /* CreditCardTests.swift */ = {isa = PBXFileReference; lastKnownFileType = sourcecode.swift; path = CreditCardTests.swift; sourceTree = "<group>"; };
		OBJ_63 /* FingerprintTests.swift */ = {isa = PBXFileReference; lastKnownFileType = sourcecode.swift; path = FingerprintTests.swift; sourceTree = "<group>"; };
		OBJ_65 /* AuthenticationProviderStub.swift */ = {isa = PBXFileReference; lastKnownFileType = sourcecode.swift; path = AuthenticationProviderStub.swift; sourceTree = "<group>"; };
		OBJ_66 /* CardAuthenticationProviderStub.swift */ = {isa = PBXFileReference; lastKnownFileType = sourcecode.swift; path = CardAuthenticationProviderStub.swift; sourceTree = "<group>"; };
		OBJ_67 /* HTTPStub.swift */ = {isa = PBXFileReference; lastKnownFileType = sourcecode.swift; path = HTTPStub.swift; sourceTree = "<group>"; };
		OBJ_68 /* TestCards.swift */ = {isa = PBXFileReference; lastKnownFileType = sourcecode.swift; path = TestCards.swift; sourceTree = "<group>"; };
		OBJ_69 /* JsonEncodeTest.swift */ = {isa = PBXFileReference; lastKnownFileType = sourcecode.swift; path = JsonEncodeTest.swift; sourceTree = "<group>"; };
		OBJ_70 /* LogSanitizerTests.swift */ = {isa = PBXFileReference; lastKnownFileType = sourcecode.swift; path = LogSanitizerTests.swift; sourceTree = "<group>"; };
		OBJ_71 /* XenditIntegrationTests.swift */ = {isa = PBXFileReference; lastKnownFileType = sourcecode.swift; path = XenditIntegrationTests.swift; sourceTree = "<group>"; };
		OBJ_72 /* XenditTests.swift */ = {isa = PBXFileReference; lastKnownFileType = sourcecode.swift; path = XenditTests.swift; sourceTree = "<group>"; };
		OBJ_9 /* Info.plist */ = {isa = PBXFileReference; lastKnownFileType = text.plist.xml; path = Info.plist; sourceTree = "<group>"; };
		"xendit-sdk-ios-src::Xendit::Product" /* Xendit.framework */ = {isa = PBXFileReference; lastKnownFileType = wrapper.framework; path = Xendit.framework; sourceTree = BUILT_PRODUCTS_DIR; };
		"xendit-sdk-ios-src::XenditObjC::Product" /* XenditObjC.framework */ = {isa = PBXFileReference; lastKnownFileType = wrapper.framework; path = XenditObjC.framework; sourceTree = BUILT_PRODUCTS_DIR; };
		"xendit-sdk-ios-src::XenditTests::Product" /* XenditTests.xctest */ = {isa = PBXFileReference; lastKnownFileType = file; path = XenditTests.xctest; sourceTree = BUILT_PRODUCTS_DIR; };
/* End PBXFileReference section */

/* Begin PBXFrameworksBuildPhase section */
		OBJ_768 /* Frameworks */ = {
			isa = PBXFrameworksBuildPhase;
			buildActionMask = 0;
			files = (
				OBJ_771 /* XenditObjC.framework in Frameworks */,
				648184A52BF7556800DC5FBF /* Sentry in Frameworks */,
			);
			runOnlyForDeploymentPostprocessing = 0;
		};
		OBJ_782 /* Frameworks */ = {
			isa = PBXFrameworksBuildPhase;
			buildActionMask = 0;
			files = (
			);
			runOnlyForDeploymentPostprocessing = 0;
		};
		OBJ_810 /* Frameworks */ = {
			isa = PBXFrameworksBuildPhase;
			buildActionMask = 0;
			files = (
				OBJ_813 /* Xendit.framework in Frameworks */,
				648184AA2BF7558D00DC5FBF /* OHHTTPStubsSwift in Frameworks */,
				648184A82BF7558D00DC5FBF /* OHHTTPStubs in Frameworks */,
				OBJ_816 /* XenditObjC.framework in Frameworks */,
			);
			runOnlyForDeploymentPostprocessing = 0;
		};
/* End PBXFrameworksBuildPhase section */

/* Begin PBXGroup section */
		OBJ_11 /* Log */ = {
			isa = PBXGroup;
			children = (
				OBJ_12 /* Log.swift */,
				OBJ_13 /* LogSanitizer.swift */,
			);
			path = Log;
			sourceTree = "<group>";
		};
		OBJ_14 /* Models */ = {
			isa = PBXGroup;
			children = (
				OBJ_15 /* Authenticatable.swift */,
				OBJ_16 /* AuthenticationData.swift */,
				OBJ_17 /* CardData.swift */,
				OBJ_18 /* DTOs */,
				OBJ_30 /* Xendit3DSRecommendation.swift */,
				OBJ_31 /* XenditAuthenticatedToken.swift */,
				OBJ_32 /* XenditAuthentication.swift */,
				OBJ_33 /* XenditCCToken.swift */,
				OBJ_34 /* XenditCardMetadata.swift */,
				OBJ_35 /* XenditTokenCredentials.swift */,
			);
			path = Models;
			sourceTree = "<group>";
		};
		OBJ_18 /* DTOs */ = {
			isa = PBXGroup;
			children = (
				OBJ_19 /* Jsonable.swift */,
				OBJ_20 /* XenditAddress.swift */,
				OBJ_21 /* XenditAuthenticationRequest.swift */,
				OBJ_22 /* XenditBillingDetails.swift */,
				OBJ_23 /* XenditCardData.swift */,
				OBJ_24 /* XenditCustomer.swift */,
				OBJ_25 /* XenditJWT.swift */,
				OBJ_26 /* XenditJWTRequest.swift */,
				OBJ_27 /* XenditRetokenizationRequest.swift */,
				OBJ_28 /* XenditStoreCVNRequest.swift */,
				OBJ_29 /* XenditTokenizationRequest.swift */,
			);
			path = DTOs;
			sourceTree = "<group>";
		};
		OBJ_36 /* Utils */ = {
			isa = PBXGroup;
			children = (
				OBJ_37 /* CreditCard.swift */,
				OBJ_38 /* Fingerprint.swift */,
			);
			path = Utils;
			sourceTree = "<group>";
		};
		OBJ_39 /* WebViewController */ = {
			isa = PBXGroup;
			children = (
				OBJ_40 /* AuthenticationWebviewController.swift */,
				OBJ_41 /* WebViewController.swift */,
			);
			path = WebViewController;
			sourceTree = "<group>";
		};
		OBJ_390 /* Products */ = {
			isa = PBXGroup;
			children = (
				"xendit-sdk-ios-src::Xendit::Product" /* Xendit.framework */,
				"xendit-sdk-ios-src::XenditObjC::Product" /* XenditObjC.framework */,
				"xendit-sdk-ios-src::XenditTests::Product" /* XenditTests.xctest */,
			);
			name = Products;
			sourceTree = BUILT_PRODUCTS_DIR;
		};
		OBJ_47 /* XenditObjC */ = {
			isa = PBXGroup;
			children = (
				OBJ_48 /* Log */,
				OBJ_51 /* Utils */,
				OBJ_53 /* include */,
			);
			name = XenditObjC;
			path = Sources/XenditObjC;
			sourceTree = SOURCE_ROOT;
		};
		OBJ_48 /* Log */ = {
			isa = PBXGroup;
			children = (
				OBJ_49 /* LogDNA */,
			);
			path = Log;
			sourceTree = "<group>";
		};
		OBJ_49 /* LogDNA */ = {
			isa = PBXGroup;
			children = (
				OBJ_50 /* ISHLogDNAService.m */,
			);
			path = LogDNA;
			sourceTree = "<group>";
		};
		OBJ_5 = {
			isa = PBXGroup;
			children = (
				OBJ_6 /* Package.swift */,
				OBJ_7 /* Sources */,
				OBJ_58 /* Tests */,
				OBJ_390 /* Products */,
				OBJ_401 /* LICENSE */,
				OBJ_402 /* Xendit.podspec */,
				OBJ_404 /* README.md */,
				OBJ_405 /* cortex.yaml */,
			);
			sourceTree = "<group>";
		};
		OBJ_51 /* Utils */ = {
			isa = PBXGroup;
			children = (
				OBJ_52 /* IDFAHelper.m */,
			);
			path = Utils;
			sourceTree = "<group>";
		};
		OBJ_53 /* include */ = {
			isa = PBXGroup;
			children = (
				OBJ_54 /* IDFAHelper.h */,
				OBJ_55 /* Xendit.h */,
				OBJ_56 /* ISHLogDNAService.h */,
				OBJ_57 /* module.modulemap */,
			);
			path = include;
			sourceTree = "<group>";
		};
		OBJ_58 /* Tests */ = {
			isa = PBXGroup;
			children = (
				OBJ_59 /* XenditTests */,
			);
			name = Tests;
			sourceTree = SOURCE_ROOT;
		};
		OBJ_59 /* XenditTests */ = {
			isa = PBXGroup;
			children = (
				OBJ_60 /* Info.plist */,
				OBJ_61 /* CardDataTest.swift */,
				OBJ_62 /* CreditCardTests.swift */,
				OBJ_63 /* FingerprintTests.swift */,
				OBJ_64 /* Helpers */,
				OBJ_69 /* JsonEncodeTest.swift */,
				OBJ_70 /* LogSanitizerTests.swift */,
				OBJ_71 /* XenditIntegrationTests.swift */,
				OBJ_72 /* XenditTests.swift */,
			);
			name = XenditTests;
			path = Tests/XenditTests;
			sourceTree = SOURCE_ROOT;
		};
		OBJ_64 /* Helpers */ = {
			isa = PBXGroup;
			children = (
				OBJ_65 /* AuthenticationProviderStub.swift */,
				OBJ_66 /* CardAuthenticationProviderStub.swift */,
				OBJ_67 /* HTTPStub.swift */,
				OBJ_68 /* TestCards.swift */,
			);
			path = Helpers;
			sourceTree = "<group>";
		};
		OBJ_7 /* Sources */ = {
			isa = PBXGroup;
			children = (
				OBJ_8 /* Xendit */,
				OBJ_47 /* XenditObjC */,
			);
			name = Sources;
			sourceTree = SOURCE_ROOT;
		};
		OBJ_8 /* Xendit */ = {
			isa = PBXGroup;
			children = (
				OBJ_9 /* Info.plist */,
				OBJ_10 /* Extensions.swift */,
				OBJ_11 /* Log */,
				OBJ_14 /* Models */,
				OBJ_36 /* Utils */,
				OBJ_39 /* WebViewController */,
				OBJ_42 /* XDTApiClient.swift */,
				OBJ_43 /* XDTCards.swift */,
				OBJ_44 /* XDTSentry.swift */,
				OBJ_45 /* Xendit.swift */,
				OBJ_46 /* XenditError.swift */,
				644E27A82BB2A82E007B0F1D /* PrivacyInfo.xcprivacy */,
			);
			name = Xendit;
			path = Sources/Xendit;
			sourceTree = SOURCE_ROOT;
		};
/* End PBXGroup section */

/* Begin PBXNativeTarget section */
		"xendit-sdk-ios-src::SwiftPMPackageDescription" /* XenditPackageDescription */ = {
			isa = PBXNativeTarget;
			buildConfigurationList = OBJ_784 /* Build configuration list for PBXNativeTarget "XenditPackageDescription" */;
			buildPhases = (
				OBJ_787 /* Sources */,
			);
			buildRules = (
			);
			dependencies = (
			);
			name = XenditPackageDescription;
			productName = XenditPackageDescription;
			productType = "com.apple.product-type.framework";
		};
		"xendit-sdk-ios-src::Xendit" /* Xendit */ = {
			isa = PBXNativeTarget;
			buildConfigurationList = OBJ_732 /* Build configuration list for PBXNativeTarget "Xendit" */;
			buildPhases = (
				OBJ_735 /* Sources */,
				OBJ_768 /* Frameworks */,
			);
			buildRules = (
			);
			dependencies = (
				OBJ_774 /* PBXTargetDependency */,
			);
			name = Xendit;
			packageProductDependencies = (
				648184A42BF7556800DC5FBF /* Sentry */,
			);
			productName = Xendit;
			productReference = "xendit-sdk-ios-src::Xendit::Product" /* Xendit.framework */;
			productType = "com.apple.product-type.framework";
		};
		"xendit-sdk-ios-src::XenditObjC" /* XenditObjC */ = {
			isa = PBXNativeTarget;
			buildConfigurationList = OBJ_776 /* Build configuration list for PBXNativeTarget "XenditObjC" */;
			buildPhases = (
				OBJ_779 /* Sources */,
				OBJ_782 /* Frameworks */,
			);
			buildRules = (
			);
			dependencies = (
			);
			name = XenditObjC;
			productName = XenditObjC;
			productReference = "xendit-sdk-ios-src::XenditObjC::Product" /* XenditObjC.framework */;
			productType = "com.apple.product-type.framework";
		};
		"xendit-sdk-ios-src::XenditTests" /* XenditTests */ = {
			isa = PBXNativeTarget;
			buildConfigurationList = OBJ_795 /* Build configuration list for PBXNativeTarget "XenditTests" */;
			buildPhases = (
				OBJ_798 /* Sources */,
				OBJ_810 /* Frameworks */,
			);
			buildRules = (
			);
			dependencies = (
				OBJ_819 /* PBXTargetDependency */,
				OBJ_822 /* PBXTargetDependency */,
			);
			name = XenditTests;
			packageProductDependencies = (
				648184A72BF7558D00DC5FBF /* OHHTTPStubs */,
				648184A92BF7558D00DC5FBF /* OHHTTPStubsSwift */,
			);
			productName = XenditTests;
			productReference = "xendit-sdk-ios-src::XenditTests::Product" /* XenditTests.xctest */;
			productType = "com.apple.product-type.bundle.unit-test";
		};
/* End PBXNativeTarget section */

/* Begin PBXProject section */
		OBJ_1 /* Project object */ = {
			isa = PBXProject;
			attributes = {
				LastSwiftMigration = 9999;
				LastUpgradeCheck = 9999;
			};
			buildConfigurationList = OBJ_2 /* Build configuration list for PBXProject "Xendit" */;
			compatibilityVersion = "Xcode 3.2";
			developmentRegion = en;
			hasScannedForEncodings = 0;
			knownRegions = (
				en,
			);
			mainGroup = OBJ_5;
			packageReferences = (
				648184A32BF7556800DC5FBF /* XCRemoteSwiftPackageReference "sentry-cocoa" */,
				648184A62BF7558D00DC5FBF /* XCRemoteSwiftPackageReference "OHHTTPStubs" */,
			);
			productRefGroup = OBJ_390 /* Products */;
			projectDirPath = "";
			projectRoot = "";
			targets = (
				"xendit-sdk-ios-src::Xendit" /* Xendit */,
				"xendit-sdk-ios-src::XenditObjC" /* XenditObjC */,
				"xendit-sdk-ios-src::SwiftPMPackageDescription" /* XenditPackageDescription */,
				"xendit-sdk-ios-src::XenditPackageTests::ProductTarget" /* XenditPackageTests */,
				"xendit-sdk-ios-src::XenditTests" /* XenditTests */,
			);
		};
/* End PBXProject section */

/* Begin PBXSourcesBuildPhase section */
		OBJ_735 /* Sources */ = {
			isa = PBXSourcesBuildPhase;
			buildActionMask = 0;
			files = (
				OBJ_736 /* Extensions.swift in Sources */,
				OBJ_737 /* Log.swift in Sources */,
				OBJ_738 /* LogSanitizer.swift in Sources */,
				OBJ_739 /* Authenticatable.swift in Sources */,
				OBJ_740 /* AuthenticationData.swift in Sources */,
				OBJ_741 /* CardData.swift in Sources */,
				OBJ_742 /* Jsonable.swift in Sources */,
				OBJ_743 /* XenditAddress.swift in Sources */,
				OBJ_744 /* XenditAuthenticationRequest.swift in Sources */,
				OBJ_745 /* XenditBillingDetails.swift in Sources */,
				OBJ_746 /* XenditCardData.swift in Sources */,
				OBJ_747 /* XenditCustomer.swift in Sources */,
				OBJ_748 /* XenditJWT.swift in Sources */,
				OBJ_749 /* XenditJWTRequest.swift in Sources */,
				OBJ_750 /* XenditRetokenizationRequest.swift in Sources */,
				OBJ_751 /* XenditStoreCVNRequest.swift in Sources */,
				OBJ_752 /* XenditTokenizationRequest.swift in Sources */,
				OBJ_753 /* Xendit3DSRecommendation.swift in Sources */,
				OBJ_754 /* XenditAuthenticatedToken.swift in Sources */,
				OBJ_755 /* XenditAuthentication.swift in Sources */,
				OBJ_756 /* XenditCCToken.swift in Sources */,
				OBJ_757 /* XenditCardMetadata.swift in Sources */,
				OBJ_758 /* XenditTokenCredentials.swift in Sources */,
				OBJ_759 /* CreditCard.swift in Sources */,
				OBJ_760 /* Fingerprint.swift in Sources */,
				OBJ_761 /* AuthenticationWebviewController.swift in Sources */,
				OBJ_762 /* WebViewController.swift in Sources */,
				OBJ_763 /* XDTApiClient.swift in Sources */,
				OBJ_764 /* XDTCards.swift in Sources */,
				OBJ_765 /* XDTSentry.swift in Sources */,
				OBJ_766 /* Xendit.swift in Sources */,
				OBJ_767 /* XenditError.swift in Sources */,
			);
			runOnlyForDeploymentPostprocessing = 0;
		};
		OBJ_779 /* Sources */ = {
			isa = PBXSourcesBuildPhase;
			buildActionMask = 0;
			files = (
				OBJ_780 /* ISHLogDNAService.m in Sources */,
				OBJ_781 /* IDFAHelper.m in Sources */,
			);
			runOnlyForDeploymentPostprocessing = 0;
		};
		OBJ_787 /* Sources */ = {
			isa = PBXSourcesBuildPhase;
			buildActionMask = 0;
			files = (
				OBJ_788 /* Package.swift in Sources */,
			);
			runOnlyForDeploymentPostprocessing = 0;
		};
		OBJ_798 /* Sources */ = {
			isa = PBXSourcesBuildPhase;
			buildActionMask = 0;
			files = (
				OBJ_799 /* CardDataTest.swift in Sources */,
				OBJ_800 /* CreditCardTests.swift in Sources */,
				OBJ_801 /* FingerprintTests.swift in Sources */,
				OBJ_802 /* AuthenticationProviderStub.swift in Sources */,
				OBJ_803 /* CardAuthenticationProviderStub.swift in Sources */,
				OBJ_804 /* HTTPStub.swift in Sources */,
				OBJ_805 /* TestCards.swift in Sources */,
				OBJ_806 /* JsonEncodeTest.swift in Sources */,
				OBJ_807 /* LogSanitizerTests.swift in Sources */,
				OBJ_808 /* XenditIntegrationTests.swift in Sources */,
				OBJ_809 /* XenditTests.swift in Sources */,
			);
			runOnlyForDeploymentPostprocessing = 0;
		};
/* End PBXSourcesBuildPhase section */

/* Begin PBXTargetDependency section */
		OBJ_774 /* PBXTargetDependency */ = {
			isa = PBXTargetDependency;
			target = "xendit-sdk-ios-src::XenditObjC" /* XenditObjC */;
			targetProxy = A126D9992A529191009F715C /* PBXContainerItemProxy */;
		};
		OBJ_793 /* PBXTargetDependency */ = {
			isa = PBXTargetDependency;
			target = "xendit-sdk-ios-src::XenditTests" /* XenditTests */;
			targetProxy = A126D9A12A529191009F715C /* PBXContainerItemProxy */;
		};
		OBJ_819 /* PBXTargetDependency */ = {
			isa = PBXTargetDependency;
			target = "xendit-sdk-ios-src::Xendit" /* Xendit */;
			targetProxy = A126D99D2A529191009F715C /* PBXContainerItemProxy */;
		};
		OBJ_822 /* PBXTargetDependency */ = {
			isa = PBXTargetDependency;
			target = "xendit-sdk-ios-src::XenditObjC" /* XenditObjC */;
			targetProxy = A126D9A02A529191009F715C /* PBXContainerItemProxy */;
		};
/* End PBXTargetDependency section */

/* Begin XCBuildConfiguration section */
		OBJ_3 /* Debug */ = {
			isa = XCBuildConfiguration;
			buildSettings = {
				CLANG_ENABLE_OBJC_ARC = YES;
				COMBINE_HIDPI_IMAGES = YES;
				COPY_PHASE_STRIP = NO;
				DEBUG_INFORMATION_FORMAT = dwarf;
				DYLIB_INSTALL_NAME_BASE = "@rpath";
				ENABLE_NS_ASSERTIONS = YES;
				GCC_OPTIMIZATION_LEVEL = 0;
				GCC_PREPROCESSOR_DEFINITIONS = (
					"$(inherited)",
					"SWIFT_PACKAGE=1",
					"DEBUG=1",
				);
				MACOSX_DEPLOYMENT_TARGET = 10.10;
				ONLY_ACTIVE_ARCH = YES;
				OTHER_SWIFT_FLAGS = "$(inherited) -DXcode";
				PRODUCT_NAME = "$(TARGET_NAME)";
				SDKROOT = macosx;
				SUPPORTED_PLATFORMS = "$(AVAILABLE_PLATFORMS)";
				SUPPORTS_MACCATALYST = YES;
				SWIFT_ACTIVE_COMPILATION_CONDITIONS = "$(inherited) SWIFT_PACKAGE DEBUG";
				SWIFT_OPTIMIZATION_LEVEL = "-Onone";
				USE_HEADERMAP = NO;
			};
			name = Debug;
		};
		OBJ_4 /* Release */ = {
			isa = XCBuildConfiguration;
			buildSettings = {
				CLANG_ENABLE_OBJC_ARC = YES;
				COMBINE_HIDPI_IMAGES = YES;
				COPY_PHASE_STRIP = YES;
				DEBUG_INFORMATION_FORMAT = "dwarf-with-dsym";
				DYLIB_INSTALL_NAME_BASE = "@rpath";
				GCC_OPTIMIZATION_LEVEL = s;
				GCC_PREPROCESSOR_DEFINITIONS = (
					"$(inherited)",
					"SWIFT_PACKAGE=1",
				);
				MACOSX_DEPLOYMENT_TARGET = 10.10;
				OTHER_SWIFT_FLAGS = "$(inherited) -DXcode";
				PRODUCT_NAME = "$(TARGET_NAME)";
				SDKROOT = macosx;
				SUPPORTED_PLATFORMS = "$(AVAILABLE_PLATFORMS)";
				SUPPORTS_MACCATALYST = YES;
				SWIFT_ACTIVE_COMPILATION_CONDITIONS = "$(inherited) SWIFT_PACKAGE";
				SWIFT_COMPILATION_MODE = wholemodule;
				SWIFT_OPTIMIZATION_LEVEL = "-O";
				USE_HEADERMAP = NO;
			};
			name = Release;
		};
		OBJ_733 /* Debug */ = {
			isa = XCBuildConfiguration;
			buildSettings = {
				CURRENT_PROJECT_VERSION = 1;
				DRIVERKIT_DEPLOYMENT_TARGET = 19.0;
				ENABLE_TESTABILITY = YES;
				FRAMEWORK_SEARCH_PATHS = (
					"$(inherited)",
					"$(PLATFORM_DIR)/Developer/Library/Frameworks",
				);
				HEADER_SEARCH_PATHS = (
					"$(inherited)",
					"$(SRCROOT)/.build/checkouts/sentry-cocoa/Sources/Sentry/Public",
					"$(SRCROOT)/Sources/XenditObjC/include",
				);
				INFOPLIST_FILE = Xendit.xcodeproj/Xendit_Info.plist;
				IPHONEOS_DEPLOYMENT_TARGET = 11.0;
				LD_RUNPATH_SEARCH_PATHS = (
					"$(inherited)",
					"$(TOOLCHAIN_DIR)/usr/lib/swift/macosx",
				);
				MACOSX_DEPLOYMENT_TARGET = 10.13;
				OTHER_CFLAGS = "$(inherited)";
				OTHER_LDFLAGS = "$(inherited)";
				OTHER_SWIFT_FLAGS = "$(inherited) -Xcc -fmodule-map-file=$(SRCROOT)/Sources/XenditObjC/include/module.modulemap";
				PRODUCT_BUNDLE_IDENTIFIER = Xendit;
				PRODUCT_MODULE_NAME = "$(TARGET_NAME:c99extidentifier)";
				PRODUCT_NAME = "$(TARGET_NAME:c99extidentifier)";
				SKIP_INSTALL = YES;
				SWIFT_ACTIVE_COMPILATION_CONDITIONS = "$(inherited)";
				SWIFT_VERSION = 5.0;
				TARGET_NAME = Xendit;
				TVOS_DEPLOYMENT_TARGET = 11.0;
				WATCHOS_DEPLOYMENT_TARGET = 4.0;
			};
			name = Debug;
		};
		OBJ_734 /* Release */ = {
			isa = XCBuildConfiguration;
			buildSettings = {
				CURRENT_PROJECT_VERSION = 1;
				DRIVERKIT_DEPLOYMENT_TARGET = 19.0;
				ENABLE_TESTABILITY = YES;
				FRAMEWORK_SEARCH_PATHS = (
					"$(inherited)",
					"$(PLATFORM_DIR)/Developer/Library/Frameworks",
				);
				HEADER_SEARCH_PATHS = (
					"$(inherited)",
					"$(SRCROOT)/.build/checkouts/sentry-cocoa/Sources/Sentry/Public",
					"$(SRCROOT)/Sources/XenditObjC/include",
				);
				INFOPLIST_FILE = Xendit.xcodeproj/Xendit_Info.plist;
				IPHONEOS_DEPLOYMENT_TARGET = 11.0;
				LD_RUNPATH_SEARCH_PATHS = (
					"$(inherited)",
					"$(TOOLCHAIN_DIR)/usr/lib/swift/macosx",
				);
				MACOSX_DEPLOYMENT_TARGET = 10.13;
				OTHER_CFLAGS = "$(inherited)";
				OTHER_LDFLAGS = "$(inherited)";
				OTHER_SWIFT_FLAGS = "$(inherited) -Xcc -fmodule-map-file=$(SRCROOT)/Sources/XenditObjC/include/module.modulemap";
				PRODUCT_BUNDLE_IDENTIFIER = Xendit;
				PRODUCT_MODULE_NAME = "$(TARGET_NAME:c99extidentifier)";
				PRODUCT_NAME = "$(TARGET_NAME:c99extidentifier)";
				SKIP_INSTALL = YES;
				SWIFT_ACTIVE_COMPILATION_CONDITIONS = "$(inherited)";
				SWIFT_VERSION = 5.0;
				TARGET_NAME = Xendit;
				TVOS_DEPLOYMENT_TARGET = 11.0;
				WATCHOS_DEPLOYMENT_TARGET = 4.0;
			};
			name = Release;
		};
		OBJ_777 /* Debug */ = {
			isa = XCBuildConfiguration;
			buildSettings = {
				CURRENT_PROJECT_VERSION = 1;
				DEFINES_MODULE = NO;
				DRIVERKIT_DEPLOYMENT_TARGET = 19.0;
				ENABLE_TESTABILITY = YES;
				FRAMEWORK_SEARCH_PATHS = (
					"$(inherited)",
					"$(PLATFORM_DIR)/Developer/Library/Frameworks",
				);
				HEADER_SEARCH_PATHS = (
					"$(inherited)",
					"$(SRCROOT)/Sources/XenditObjC/include",
				);
				INFOPLIST_FILE = Xendit.xcodeproj/XenditObjC_Info.plist;
				IPHONEOS_DEPLOYMENT_TARGET = 11.0;
				LD_RUNPATH_SEARCH_PATHS = (
					"$(inherited)",
					"$(TOOLCHAIN_DIR)/usr/lib/swift/macosx",
				);
				MACOSX_DEPLOYMENT_TARGET = 10.13;
				OTHER_CFLAGS = "$(inherited)";
				OTHER_LDFLAGS = "$(inherited)";
				OTHER_SWIFT_FLAGS = "$(inherited)";
				PRODUCT_BUNDLE_IDENTIFIER = XenditObjC;
				PRODUCT_MODULE_NAME = "$(TARGET_NAME:c99extidentifier)";
				PRODUCT_NAME = "$(TARGET_NAME:c99extidentifier)";
				SKIP_INSTALL = YES;
				SWIFT_ACTIVE_COMPILATION_CONDITIONS = "$(inherited)";
				TARGET_NAME = XenditObjC;
				TVOS_DEPLOYMENT_TARGET = 11.0;
				WATCHOS_DEPLOYMENT_TARGET = 4.0;
			};
			name = Debug;
		};
		OBJ_778 /* Release */ = {
			isa = XCBuildConfiguration;
			buildSettings = {
				CURRENT_PROJECT_VERSION = 1;
				DEFINES_MODULE = NO;
				DRIVERKIT_DEPLOYMENT_TARGET = 19.0;
				ENABLE_TESTABILITY = YES;
				FRAMEWORK_SEARCH_PATHS = (
					"$(inherited)",
					"$(PLATFORM_DIR)/Developer/Library/Frameworks",
				);
				HEADER_SEARCH_PATHS = (
					"$(inherited)",
					"$(SRCROOT)/Sources/XenditObjC/include",
				);
				INFOPLIST_FILE = Xendit.xcodeproj/XenditObjC_Info.plist;
				IPHONEOS_DEPLOYMENT_TARGET = 11.0;
				LD_RUNPATH_SEARCH_PATHS = (
					"$(inherited)",
					"$(TOOLCHAIN_DIR)/usr/lib/swift/macosx",
				);
				MACOSX_DEPLOYMENT_TARGET = 10.13;
				OTHER_CFLAGS = "$(inherited)";
				OTHER_LDFLAGS = "$(inherited)";
				OTHER_SWIFT_FLAGS = "$(inherited)";
				PRODUCT_BUNDLE_IDENTIFIER = XenditObjC;
				PRODUCT_MODULE_NAME = "$(TARGET_NAME:c99extidentifier)";
				PRODUCT_NAME = "$(TARGET_NAME:c99extidentifier)";
				SKIP_INSTALL = YES;
				SWIFT_ACTIVE_COMPILATION_CONDITIONS = "$(inherited)";
				TARGET_NAME = XenditObjC;
				TVOS_DEPLOYMENT_TARGET = 11.0;
				WATCHOS_DEPLOYMENT_TARGET = 4.0;
			};
			name = Release;
		};
		OBJ_785 /* Debug */ = {
			isa = XCBuildConfiguration;
			buildSettings = {
				LD = /usr/bin/true;
				OTHER_SWIFT_FLAGS = "-swift-version 5 -I $(TOOLCHAIN_DIR)/usr/lib/swift/pm/ManifestAPI -sdk /Applications/Xcode.app/Contents/Developer/Platforms/MacOSX.platform/Developer/SDKs/MacOSX13.1.sdk -package-description-version 5.5.0";
				SWIFT_VERSION = 5.0;
			};
			name = Debug;
		};
		OBJ_786 /* Release */ = {
			isa = XCBuildConfiguration;
			buildSettings = {
				LD = /usr/bin/true;
				OTHER_SWIFT_FLAGS = "-swift-version 5 -I $(TOOLCHAIN_DIR)/usr/lib/swift/pm/ManifestAPI -sdk /Applications/Xcode.app/Contents/Developer/Platforms/MacOSX.platform/Developer/SDKs/MacOSX13.1.sdk -package-description-version 5.5.0";
				SWIFT_VERSION = 5.0;
			};
			name = Release;
		};
		OBJ_791 /* Debug */ = {
			isa = XCBuildConfiguration;
			buildSettings = {
			};
			name = Debug;
		};
		OBJ_792 /* Release */ = {
			isa = XCBuildConfiguration;
			buildSettings = {
			};
			name = Release;
		};
		OBJ_796 /* Debug */ = {
			isa = XCBuildConfiguration;
			buildSettings = {
				CLANG_ENABLE_MODULES = YES;
				CURRENT_PROJECT_VERSION = 1;
				DRIVERKIT_DEPLOYMENT_TARGET = 19.0;
				EMBEDDED_CONTENT_CONTAINS_SWIFT = YES;
				FRAMEWORK_SEARCH_PATHS = (
					"$(inherited)",
					"$(PLATFORM_DIR)/Developer/Library/Frameworks",
				);
				HEADER_SEARCH_PATHS = (
					"$(inherited)",
					"$(SRCROOT)/.build/checkouts/OHHTTPStubs/Sources/OHHTTPStubs/include",
					"$(SRCROOT)/.build/checkouts/sentry-cocoa/Sources/Sentry/Public",
					"$(SRCROOT)/Sources/XenditObjC/include",
					"$(SRCROOT)/Xendit.xcodeproj/GeneratedModuleMap/OHHTTPStubs",
				);
				INFOPLIST_FILE = Xendit.xcodeproj/XenditTests_Info.plist;
				IPHONEOS_DEPLOYMENT_TARGET = 14.0;
				LD_RUNPATH_SEARCH_PATHS = (
					"$(inherited)",
					"@loader_path/../Frameworks",
					"@loader_path/Frameworks",
				);
				MACOSX_DEPLOYMENT_TARGET = 11.0;
				OTHER_CFLAGS = "$(inherited)";
				OTHER_LDFLAGS = "$(inherited)";
				OTHER_SWIFT_FLAGS = "$(inherited) -Xcc -fmodule-map-file=$(SRCROOT)/Xendit.xcodeproj/GeneratedModuleMap/OHHTTPStubs/module.modulemap -Xcc -fmodule-map-file=$(SRCROOT)/Sources/XenditObjC/include/module.modulemap";
				SWIFT_ACTIVE_COMPILATION_CONDITIONS = "$(inherited)";
				SWIFT_VERSION = 5.0;
				TARGET_NAME = XenditTests;
				TVOS_DEPLOYMENT_TARGET = 14.0;
				WATCHOS_DEPLOYMENT_TARGET = 7.0;
			};
			name = Debug;
		};
		OBJ_797 /* Release */ = {
			isa = XCBuildConfiguration;
			buildSettings = {
				CLANG_ENABLE_MODULES = YES;
				CURRENT_PROJECT_VERSION = 1;
				DRIVERKIT_DEPLOYMENT_TARGET = 19.0;
				EMBEDDED_CONTENT_CONTAINS_SWIFT = YES;
				FRAMEWORK_SEARCH_PATHS = (
					"$(inherited)",
					"$(PLATFORM_DIR)/Developer/Library/Frameworks",
				);
				HEADER_SEARCH_PATHS = (
					"$(inherited)",
					"$(SRCROOT)/.build/checkouts/OHHTTPStubs/Sources/OHHTTPStubs/include",
					"$(SRCROOT)/.build/checkouts/sentry-cocoa/Sources/Sentry/Public",
					"$(SRCROOT)/Sources/XenditObjC/include",
					"$(SRCROOT)/Xendit.xcodeproj/GeneratedModuleMap/OHHTTPStubs",
				);
				INFOPLIST_FILE = Xendit.xcodeproj/XenditTests_Info.plist;
				IPHONEOS_DEPLOYMENT_TARGET = 14.0;
				LD_RUNPATH_SEARCH_PATHS = (
					"$(inherited)",
					"@loader_path/../Frameworks",
					"@loader_path/Frameworks",
				);
				MACOSX_DEPLOYMENT_TARGET = 11.0;
				OTHER_CFLAGS = "$(inherited)";
				OTHER_LDFLAGS = "$(inherited)";
				OTHER_SWIFT_FLAGS = "$(inherited) -Xcc -fmodule-map-file=$(SRCROOT)/Xendit.xcodeproj/GeneratedModuleMap/OHHTTPStubs/module.modulemap -Xcc -fmodule-map-file=$(SRCROOT)/Sources/XenditObjC/include/module.modulemap";
				SWIFT_ACTIVE_COMPILATION_CONDITIONS = "$(inherited)";
				SWIFT_VERSION = 5.0;
				TARGET_NAME = XenditTests;
				TVOS_DEPLOYMENT_TARGET = 14.0;
				WATCHOS_DEPLOYMENT_TARGET = 7.0;
			};
			name = Release;
		};
/* End XCBuildConfiguration section */

/* Begin XCConfigurationList section */
		OBJ_2 /* Build configuration list for PBXProject "Xendit" */ = {
			isa = XCConfigurationList;
			buildConfigurations = (
				OBJ_3 /* Debug */,
				OBJ_4 /* Release */,
			);
			defaultConfigurationIsVisible = 0;
			defaultConfigurationName = Release;
		};
		OBJ_732 /* Build configuration list for PBXNativeTarget "Xendit" */ = {
			isa = XCConfigurationList;
			buildConfigurations = (
				OBJ_733 /* Debug */,
				OBJ_734 /* Release */,
			);
			defaultConfigurationIsVisible = 0;
			defaultConfigurationName = Release;
		};
		OBJ_776 /* Build configuration list for PBXNativeTarget "XenditObjC" */ = {
			isa = XCConfigurationList;
			buildConfigurations = (
				OBJ_777 /* Debug */,
				OBJ_778 /* Release */,
			);
			defaultConfigurationIsVisible = 0;
			defaultConfigurationName = Release;
		};
		OBJ_784 /* Build configuration list for PBXNativeTarget "XenditPackageDescription" */ = {
			isa = XCConfigurationList;
			buildConfigurations = (
				OBJ_785 /* Debug */,
				OBJ_786 /* Release */,
			);
			defaultConfigurationIsVisible = 0;
			defaultConfigurationName = Release;
		};
		OBJ_790 /* Build configuration list for PBXAggregateTarget "XenditPackageTests" */ = {
			isa = XCConfigurationList;
			buildConfigurations = (
				OBJ_791 /* Debug */,
				OBJ_792 /* Release */,
			);
			defaultConfigurationIsVisible = 0;
			defaultConfigurationName = Release;
		};
		OBJ_795 /* Build configuration list for PBXNativeTarget "XenditTests" */ = {
			isa = XCConfigurationList;
			buildConfigurations = (
				OBJ_796 /* Debug */,
				OBJ_797 /* Release */,
			);
			defaultConfigurationIsVisible = 0;
			defaultConfigurationName = Release;
		};
/* End XCConfigurationList section */

/* Begin XCRemoteSwiftPackageReference section */
		648184A32BF7556800DC5FBF /* XCRemoteSwiftPackageReference "sentry-cocoa" */ = {
			isa = XCRemoteSwiftPackageReference;
			repositoryURL = "https://github.com/getsentry/sentry-cocoa.git";
			requirement = {
				kind = upToNextMajorVersion;
				minimumVersion = 8.35.0;
			};
		};
		648184A62BF7558D00DC5FBF /* XCRemoteSwiftPackageReference "OHHTTPStubs" */ = {
			isa = XCRemoteSwiftPackageReference;
			repositoryURL = "https://github.com/AliSoftware/OHHTTPStubs.git";
			requirement = {
				kind = upToNextMajorVersion;
				minimumVersion = 9.1.0;
			};
		};
/* End XCRemoteSwiftPackageReference section */

/* Begin XCSwiftPackageProductDependency section */
		648184A42BF7556800DC5FBF /* Sentry */ = {
			isa = XCSwiftPackageProductDependency;
			package = 648184A32BF7556800DC5FBF /* XCRemoteSwiftPackageReference "sentry-cocoa" */;
			productName = Sentry;
		};
		648184A72BF7558D00DC5FBF /* OHHTTPStubs */ = {
			isa = XCSwiftPackageProductDependency;
			package = 648184A62BF7558D00DC5FBF /* XCRemoteSwiftPackageReference "OHHTTPStubs" */;
			productName = OHHTTPStubs;
		};
		648184A92BF7558D00DC5FBF /* OHHTTPStubsSwift */ = {
			isa = XCSwiftPackageProductDependency;
			package = 648184A62BF7558D00DC5FBF /* XCRemoteSwiftPackageReference "OHHTTPStubs" */;
			productName = OHHTTPStubsSwift;
		};
/* End XCSwiftPackageProductDependency section */
	};
	rootObject = OBJ_1 /* Project object */;
}
